version = 1
revision = 3
requires-python = ">=3.10"

[[package]]
name = "hb6502"
version = "0.1.0"
source = { virtual = "." }
dependencies = [
    { name = "py65" },
]

[package.metadata]
requires-dist = [{ name = "py65", specifier = ">=1.2.0" }]

[[package]]
name = "py65"
version = "1.2.0"
source = { registry = "https://pypi.org/simple" }
sdist = { url = "https://files.pythonhosted.org/packages/15/de/8ceb654608a24ae247ac44443b369f70183d9a39d94e682ddb3c9767b330/py65-1.2.tar.gz", hash = "sha256:e1cb213823fc6ea8aecb219939943144b09439e5c14b3406cb5ca825d5875b93", size = 83481, upload-time = "2024-04-12T20:10:19.351Z" }
wheels = [
    { url = "https://files.pythonhosted.org/packages/f6/3d/7171f8401bb3cf058d233af314d3e314a348488bd22b2143b3591566a172/py65-1.2.0-py2.py3-none-any.whl", hash = "sha256:8e51f149647f2c2b44e5eb54350057771ccaef97f5f3d593fa3737e44c1ce4b7", size = 60518, upload-time = "2024-04-12T20:10:15.198Z" },
]
